{
  "name": "voie-pages",
  "version": "0.4.0",
  "lockfileVersion": 1,
  "requires": true,
  "dependencies": {
    "vue-router": {
      "version": "4.0.0-beta.4",
      "resolved": "https://registry.npmjs.org/vue-router/-/vue-router-4.0.0-beta.4.tgz",
      "integrity": "sha512-Cp8CkTcQuWL3neBLZnd+zg7cH0aA/kX1AwNLmdrChz5z6JI9hNu2qImAXNvhobDddLtNbyjdYSedCB9RYt6aig=="
    }
  }
}
