{
	"name": "nested",
	"version": "0.5.0",
	"lockfileVersion": 1,
	"requires": true,
	"dependencies": {
		"@babel/helper-validator-identifier": {
			"version": "7.10.4",
			"resolved": "https://registry.npmjs.org/@babel/helper-validator-identifier/-/helper-validator-identifier-7.10.4.tgz",
			"integrity": "sha512-3U9y+43hz7ZM+rzG24Qe2mufW5KhvFg/NhnNph+i9mgCtdTCtMJuI1TMkrIUiK7Ix4PYlRF9I5dhqaLYA/ADXw=="
		},
		"@babel/parser": {
			"version": "7.11.3",
			"resolved": "https://registry.npmjs.org/@babel/parser/-/parser-7.11.3.tgz",
			"integrity": "sha512-REo8xv7+sDxkKvoxEywIdsNFiZLybwdI7hcT5uEPyQrSMB4YQ973BfC9OOrD/81MaIjh6UxdulIQXkjmiH3PcA=="
		},
		"@babel/types": {
			"version": "7.11.0",
			"resolved": "https://registry.npmjs.org/@babel/types/-/types-7.11.0.tgz",
			"integrity": "sha512-O53yME4ZZI0jO1EVGtF1ePGl0LHirG4P1ibcD80XyzZcKhcMFeCXmh4Xb1ifGBIV233Qg12x4rBfQgA+tmOukA==",
			"requires": {
				"@babel/helper-validator-identifier": "^7.10.4",
				"lodash": "^4.17.19",
				"to-fast-properties": "^2.0.0"
			}
		},
		"@vue/compiler-core": {
			"version": "3.0.0-rc.5",
			"resolved": "https://registry.npmjs.org/@vue/compiler-core/-/compiler-core-3.0.0-rc.5.tgz",
			"integrity": "sha512-dNz5AObEYg0Oglw3emIsBhTAOVfObrfxDaAzR0UTRDDq+Ohfr6KTSaVQAH88Ym+oa08ZlLZBFc6ARe9doAOIxg==",
			"requires": {
				"@babel/parser": "^7.10.4",
				"@babel/types": "^7.10.4",
				"@vue/shared": "3.0.0-rc.5",
				"estree-walker": "^2.0.1",
				"source-map": "^0.6.1"
			}
		},
		"@vue/compiler-dom": {
			"version": "3.0.0-rc.5",
			"resolved": "https://registry.npmjs.org/@vue/compiler-dom/-/compiler-dom-3.0.0-rc.5.tgz",
			"integrity": "sha512-z8n+R1GhFnWuKURLYxfVSEfP7nSNM91qteobxwys55fhlZZuReouMnUwgrn+ois/IL6RdFlT9H+n4+N6yLrdJA==",
			"requires": {
				"@vue/compiler-core": "3.0.0-rc.5",
				"@vue/shared": "3.0.0-rc.5"
			}
		},
		"@vue/reactivity": {
			"version": "3.0.0-rc.5",
			"resolved": "https://registry.npmjs.org/@vue/reactivity/-/reactivity-3.0.0-rc.5.tgz",
			"integrity": "sha512-oe9C+1jtWUdYL/iNc0OPWbwgOk2rOW2uQ+exx3I6Jo6PKOmnAiPkMElalf9vRnO53rnUphVecMp8BlTJvcNgDw==",
			"requires": {
				"@vue/shared": "3.0.0-rc.5"
			}
		},
		"@vue/runtime-core": {
			"version": "3.0.0-rc.5",
			"resolved": "https://registry.npmjs.org/@vue/runtime-core/-/runtime-core-3.0.0-rc.5.tgz",
			"integrity": "sha512-MRIWreFigxdRuI2moFociUL5rVBfgYPrT7rWfQ0XfOyW46b+AiuCJyZvgbsRXwkAERfW1Tb/mY5forYjX2thOg==",
			"requires": {
				"@vue/reactivity": "3.0.0-rc.5",
				"@vue/shared": "3.0.0-rc.5"
			}
		},
		"@vue/runtime-dom": {
			"version": "3.0.0-rc.5",
			"resolved": "https://registry.npmjs.org/@vue/runtime-dom/-/runtime-dom-3.0.0-rc.5.tgz",
			"integrity": "sha512-0jwpO3MBqMToq7qC816Z8Y6G8aN4ZKbv7MupgRaepzxhiK0sXcjLQmOATP3g/NyX52UCBJS4wAwsxidqGnAabA==",
			"requires": {
				"@vue/runtime-core": "3.0.0-rc.5",
				"@vue/shared": "3.0.0-rc.5",
				"csstype": "^2.6.8"
			}
		},
		"@vue/shared": {
			"version": "3.0.0-rc.5",
			"resolved": "https://registry.npmjs.org/@vue/shared/-/shared-3.0.0-rc.5.tgz",
			"integrity": "sha512-ZhcgGzBpp+pUzisZgQpM4ctIGgLpYjBj7/rZfbhEPxFHF/BuTV2jmhXvAl8aF9xDAejIcw85xCy92gDSwKtPag=="
		},
		"csstype": {
			"version": "2.6.13",
			"resolved": "https://registry.npmjs.org/csstype/-/csstype-2.6.13.tgz",
			"integrity": "sha512-ul26pfSQTZW8dcOnD2iiJssfXw0gdNVX9IJDH/X3K5DGPfj+fUYe3kB+swUY6BF3oZDxaID3AJt+9/ojSAE05A=="
		},
		"estree-walker": {
			"version": "2.0.1",
			"resolved": "https://registry.npmjs.org/estree-walker/-/estree-walker-2.0.1.tgz",
			"integrity": "sha512-tF0hv+Yi2Ot1cwj9eYHtxC0jB9bmjacjQs6ZBTj82H8JwUywFuc+7E83NWfNMwHXZc11mjfFcVXPe9gEP4B8dg=="
		},
		"lodash": {
			"version": "4.17.20",
			"resolved": "https://registry.npmjs.org/lodash/-/lodash-4.17.20.tgz",
			"integrity": "sha512-PlhdFcillOINfeV7Ni6oF1TAEayyZBoZ8bcshTHqOYJYlrqzRK5hagpagky5o4HfCzzd1TRkXPMFq6cKk9rGmA=="
		},
		"source-map": {
			"version": "0.6.1",
			"resolved": "https://registry.npmjs.org/source-map/-/source-map-0.6.1.tgz",
			"integrity": "sha512-UjgapumWlbMhkBgzT7Ykc5YXUT46F0iKu8SGXq0bcwP5dz/h0Plj6enJqjz1Zbq2l5WaqYnrVbwWOWMyF3F47g=="
		},
		"to-fast-properties": {
			"version": "2.0.0",
			"resolved": "https://registry.npmjs.org/to-fast-properties/-/to-fast-properties-2.0.0.tgz",
			"integrity": "sha1-3F5pjL0HkmW8c+A3doGk5Og/YW4="
		},
		"vue": {
			"version": "3.0.0-rc.5",
			"resolved": "https://registry.npmjs.org/vue/-/vue-3.0.0-rc.5.tgz",
			"integrity": "sha512-8t8Y4sHMBGD5iLZ7JfBGmKBJlzesPoL+/nW9EV8s+4LwnKC4rGlRp+Lj2rcign4iQaj0GFaL7DrQ8IoOfVX6+w==",
			"requires": {
				"@vue/compiler-dom": "3.0.0-rc.5",
				"@vue/runtime-dom": "3.0.0-rc.5",
				"@vue/shared": "3.0.0-rc.5"
			}
		},
		"vue-router": {
			"version": "4.0.0-beta.6",
			"resolved": "https://registry.npmjs.org/vue-router/-/vue-router-4.0.0-beta.6.tgz",
			"integrity": "sha512-zF+reWzcM0ivbIAbjfCpDVYlvc4iQAi7rx5abLNUcNiJxuTMR0lEBoxamQcaewV4sJ+zskX6PYW3QM5/fRkPqA=="
		}
	}
}
